
Microsoft Visual Studio Solution File, Format Version 12.00
# Visual Studio 15
VisualStudioVersion = 15.0.27703.2042
MinimumVisualStudioVersion = 10.0.40219.1
Project("{888888A0-9F3D-457C-B088-3A5042F75D52}") = "pyTiffImageRead", "pyTiffImageRead\pyTiffImageRead.pyproj", "{629E9F14-8911-46C4-8556-B87380925F46}"
EndProject
Global
	GlobalSection(SolutionConfigurationPlatforms) = preSolution
		Debug|Any CPU = Debug|Any CPU
		Release|Any CPU = Release|Any CPU
	EndGlobalSection
	GlobalSection(ProjectConfigurationPlatforms) = postSolution
		{629E9F14-8911-46C4-8556-B87380925F46}.Debug|Any CPU.ActiveCfg = Debug|Any CPU
		{629E9F14-8911-46C4-8556-B87380925F46}.Release|Any CPU.ActiveCfg = Release|Any CPU
	EndGlobalSection
	GlobalSection(SolutionProperties) = preSolution
		HideSolutionNode = FALSE
	EndGlobalSection
	GlobalSection(ExtensibilityGlobals) = postSolution
		SolutionGuid = {D5FE8C4A-4764-4536-B667-8750E8B8F093}
	EndGlobalSection
EndGlobal
